
Microsoft Visual Studio Solution File, Format Version 12.00
# Visual Studio Version 16
VisualStudioVersion = 16.0.30804.86
MinimumVisualStudioVersion = 10.0.40219.1
Project("{FAE04EC0-301F-11D3-BF4B-00C04F79EFBC}") = "Generex", "Src\Generex.csproj", "{AD37F193-49A3-4A3D-8BF1-122D5457C7A6}"
EndProject
Project("{FAE04EC0-301F-11D3-BF4B-00C04F79EFBC}") = "GenerexTests", "Tests\GenerexTests.csproj", "{D03FD04B-23A0-430F-B9C2-FFBC199838A4}"
EndProject
Global
	GlobalSection(SolutionConfigurationPlatforms) = preSolution
		Debug|Any CPU = Debug|Any CPU
		Release|Any CPU = Release|Any CPU
	EndGlobalSection
	GlobalSection(ProjectConfigurationPlatforms) = postSolution
		{AD37F193-49A3-4A3D-8BF1-122D5457C7A6}.Debug|Any CPU.ActiveCfg = Debug|Any CPU
		{AD37F193-49A3-4A3D-8BF1-122D5457C7A6}.Debug|Any CPU.Build.0 = Debug|Any CPU
		{AD37F193-49A3-4A3D-8BF1-122D5457C7A6}.Release|Any CPU.ActiveCfg = Release|Any CPU
		{AD37F193-49A3-4A3D-8BF1-122D5457C7A6}.Release|Any CPU.Build.0 = Release|Any CPU
		{D03FD04B-23A0-430F-B9C2-FFBC199838A4}.Debug|Any CPU.ActiveCfg = Debug|Any CPU
		{D03FD04B-23A0-430F-B9C2-FFBC199838A4}.Debug|Any CPU.Build.0 = Debug|Any CPU
		{D03FD04B-23A0-430F-B9C2-FFBC199838A4}.Release|Any CPU.ActiveCfg = Release|Any CPU
		{D03FD04B-23A0-430F-B9C2-FFBC199838A4}.Release|Any CPU.Build.0 = Release|Any CPU
	EndGlobalSection
	GlobalSection(SolutionProperties) = preSolution
		HideSolutionNode = FALSE
	EndGlobalSection
	GlobalSection(ExtensibilityGlobals) = postSolution
		SolutionGuid = {4211E6CD-9AD9-46E3-9FD3-DE312DCE0129}
	EndGlobalSection
EndGlobal
